Microsoft Visual Studio Solution File, Format Version 13.00
# Visual Studio 2013
Project("{2150E333-8FDC-42A3-9474-1A3956D46DE8}") = "(allocator)", "..\..\..\base\allocator", "{6478B9F3-4858-63F4-35F4-98A303E305F3}"
EndProject
Project("{2150E333-8FDC-42A3-9474-1A3956D46DE8}") = "(base)", "..\..\..\base", "{9785FB75-982A-5DE3-252D-3F288B9FEF5B}"
EndProject
Project("{2150E333-8FDC-42A3-9474-1A3956D46DE8}") = "(google)", ".", "{B4157328-4D35-D14B-15FD-392EB0073098}"
EndProject
Project("{2150E333-8FDC-42A3-9474-1A3956D46DE8}") = "(testing)", "..\..\..\testing", "{EAC80D00-01D2-3F49-A377-20B7154947F3}"
EndProject
Project("{2150E333-8FDC-42A3-9474-1A3956D46DE8}") = "(third_party)", "..\..\..\base\third_party", "{3E7FA5AF-27B3-2DE0-883C-12F98E7F4E81}"
EndProject
Project("{2150E333-8FDC-42A3-9474-1A3956D46DE8}") = "(third_party)", "..\..", "{89C816A7-DD31-D54C-C69C-5A80E0C49B77}"
EndProject
Project("{2150E333-8FDC-42A3-9474-1A3956D46DE8}") = "(zlib)", "..", "{6569004D-CCF6-8392-DB7B-1AC825CE3607}"
EndProject
Project("{8BC9CEB8-8B4A-11D0-8D11-00A0C91BC942}") = "allocator_extension_thunks", "..\..\..\base\allocator\allocator_extension_thunks.vcxproj", "{C5C66628-98EC-C3FB-0168-B72E6D536D89}"
EndProject
Project("{8BC9CEB8-8B4A-11D0-8D11-00A0C91BC942}") = "base", "..\..\..\base\base.vcxproj", "{D9D28D7B-CEB1-EAA7-644F-96EF2FC9EAD4}"
EndProject
Project("{8BC9CEB8-8B4A-11D0-8D11-00A0C91BC942}") = "base_static", "..\..\..\base\base_static.vcxproj", "{53376E43-19DB-A997-3C70-A95364375D05}"
EndProject
Project("{8BC9CEB8-8B4A-11D0-8D11-00A0C91BC942}") = "dynamic_annotations", "..\..\..\base\third_party\dynamic_annotations\dynamic_annotations.vcxproj", "{4F198C18-2A46-454C-8482-E05B92D3C247}"
EndProject
Project("{8BC9CEB8-8B4A-11D0-8D11-00A0C91BC942}") = "gtest_prod", "..\..\..\testing\gtest_prod.vcxproj", "{A52602C7-43FB-A1F3-54A9-C111CA5C1CFE}"
EndProject
Project("{8BC9CEB8-8B4A-11D0-8D11-00A0C91BC942}") = "minizip", "..\minizip.vcxproj", "{A8A07E63-69C7-1615-57A8-C73517EC65F9}"
EndProject
Project("{8BC9CEB8-8B4A-11D0-8D11-00A0C91BC942}") = "modp_b64", "..\..\modp_b64\modp_b64.vcxproj", "{E7A8BDA5-A7DB-3237-6F81-4C948B6C463A}"
EndProject
Project("{8BC9CEB8-8B4A-11D0-8D11-00A0C91BC942}") = "zip", "zip.vcxproj", "{D1135461-8FC8-367B-DF59-58E1C22A9D09}"
EndProject
Project("{8BC9CEB8-8B4A-11D0-8D11-00A0C91BC942}") = "zlib", "..\zlib.vcxproj", "{634D19FB-1405-6B04-56A5-39F0787B9703}"
EndProject
Project("{8BC9CEB8-8B4A-11D0-8D11-00A0C91BC942}") = "zlib_x86_simd", "..\zlib_x86_simd.vcxproj", "{F2ADAA33-D857-9BF2-7420-9311508EC4F2}"
EndProject
Global
	GlobalSection(SolutionConfigurationPlatforms) = preSolution
		Debug|x64 = Debug|x64
		Debug|Win32 = Debug|Win32
		Release|x64 = Release|x64
		Release|Win32 = Release|Win32
	EndGlobalSection
	GlobalSection(ProjectConfigurationPlatforms) = postSolution
		{4F198C18-2A46-454C-8482-E05B92D3C247}.Debug|x64.ActiveCfg = Debug|x64
		{4F198C18-2A46-454C-8482-E05B92D3C247}.Debug|x64.Build.0 = Debug|x64
		{4F198C18-2A46-454C-8482-E05B92D3C247}.Debug|Win32.ActiveCfg = Debug|Win32
		{4F198C18-2A46-454C-8482-E05B92D3C247}.Debug|Win32.Build.0 = Debug|Win32
		{4F198C18-2A46-454C-8482-E05B92D3C247}.Release|x64.ActiveCfg = Release|x64
		{4F198C18-2A46-454C-8482-E05B92D3C247}.Release|x64.Build.0 = Release|x64
		{4F198C18-2A46-454C-8482-E05B92D3C247}.Release|Win32.ActiveCfg = Release|Win32
		{4F198C18-2A46-454C-8482-E05B92D3C247}.Release|Win32.Build.0 = Release|Win32
		{53376E43-19DB-A997-3C70-A95364375D05}.Debug|x64.ActiveCfg = Debug|x64
		{53376E43-19DB-A997-3C70-A95364375D05}.Debug|x64.Build.0 = Debug|x64
		{53376E43-19DB-A997-3C70-A95364375D05}.Debug|Win32.ActiveCfg = Debug|Win32
		{53376E43-19DB-A997-3C70-A95364375D05}.Debug|Win32.Build.0 = Debug|Win32
		{53376E43-19DB-A997-3C70-A95364375D05}.Release|x64.ActiveCfg = Release|x64
		{53376E43-19DB-A997-3C70-A95364375D05}.Release|x64.Build.0 = Release|x64
		{53376E43-19DB-A997-3C70-A95364375D05}.Release|Win32.ActiveCfg = Release|Win32
		{53376E43-19DB-A997-3C70-A95364375D05}.Release|Win32.Build.0 = Release|Win32
		{634D19FB-1405-6B04-56A5-39F0787B9703}.Debug|x64.ActiveCfg = Debug|x64
		{634D19FB-1405-6B04-56A5-39F0787B9703}.Debug|x64.Build.0 = Debug|x64
		{634D19FB-1405-6B04-56A5-39F0787B9703}.Debug|Win32.ActiveCfg = Debug|Win32
		{634D19FB-1405-6B04-56A5-39F0787B9703}.Debug|Win32.Build.0 = Debug|Win32
		{634D19FB-1405-6B04-56A5-39F0787B9703}.Release|x64.ActiveCfg = Release|x64
		{634D19FB-1405-6B04-56A5-39F0787B9703}.Release|x64.Build.0 = Release|x64
		{634D19FB-1405-6B04-56A5-39F0787B9703}.Release|Win32.ActiveCfg = Release|Win32
		{634D19FB-1405-6B04-56A5-39F0787B9703}.Release|Win32.Build.0 = Release|Win32
		{A52602C7-43FB-A1F3-54A9-C111CA5C1CFE}.Debug|x64.ActiveCfg = Debug|x64
		{A52602C7-43FB-A1F3-54A9-C111CA5C1CFE}.Debug|x64.Build.0 = Debug|x64
		{A52602C7-43FB-A1F3-54A9-C111CA5C1CFE}.Debug|Win32.ActiveCfg = Debug|Win32
		{A52602C7-43FB-A1F3-54A9-C111CA5C1CFE}.Debug|Win32.Build.0 = Debug|Win32
		{A52602C7-43FB-A1F3-54A9-C111CA5C1CFE}.Release|x64.ActiveCfg = Release|x64
		{A52602C7-43FB-A1F3-54A9-C111CA5C1CFE}.Release|x64.Build.0 = Release|x64
		{A52602C7-43FB-A1F3-54A9-C111CA5C1CFE}.Release|Win32.ActiveCfg = Release|Win32
		{A52602C7-43FB-A1F3-54A9-C111CA5C1CFE}.Release|Win32.Build.0 = Release|Win32
		{A8A07E63-69C7-1615-57A8-C73517EC65F9}.Debug|x64.ActiveCfg = Debug|x64
		{A8A07E63-69C7-1615-57A8-C73517EC65F9}.Debug|x64.Build.0 = Debug|x64
		{A8A07E63-69C7-1615-57A8-C73517EC65F9}.Debug|Win32.ActiveCfg = Debug|Win32
		{A8A07E63-69C7-1615-57A8-C73517EC65F9}.Debug|Win32.Build.0 = Debug|Win32
		{A8A07E63-69C7-1615-57A8-C73517EC65F9}.Release|x64.ActiveCfg = Release|x64
		{A8A07E63-69C7-1615-57A8-C73517EC65F9}.Release|x64.Build.0 = Release|x64
		{A8A07E63-69C7-1615-57A8-C73517EC65F9}.Release|Win32.ActiveCfg = Release|Win32
		{A8A07E63-69C7-1615-57A8-C73517EC65F9}.Release|Win32.Build.0 = Release|Win32
		{C5C66628-98EC-C3FB-0168-B72E6D536D89}.Debug|x64.ActiveCfg = Debug|x64
		{C5C66628-98EC-C3FB-0168-B72E6D536D89}.Debug|x64.Build.0 = Debug|x64
		{C5C66628-98EC-C3FB-0168-B72E6D536D89}.Debug|Win32.ActiveCfg = Debug|Win32
		{C5C66628-98EC-C3FB-0168-B72E6D536D89}.Debug|Win32.Build.0 = Debug|Win32
		{C5C66628-98EC-C3FB-0168-B72E6D536D89}.Release|x64.ActiveCfg = Release|x64
		{C5C66628-98EC-C3FB-0168-B72E6D536D89}.Release|x64.Build.0 = Release|x64
		{C5C66628-98EC-C3FB-0168-B72E6D536D89}.Release|Win32.ActiveCfg = Release|Win32
		{C5C66628-98EC-C3FB-0168-B72E6D536D89}.Release|Win32.Build.0 = Release|Win32
		{D1135461-8FC8-367B-DF59-58E1C22A9D09}.Debug|x64.ActiveCfg = Debug|x64
		{D1135461-8FC8-367B-DF59-58E1C22A9D09}.Debug|x64.Build.0 = Debug|x64
		{D1135461-8FC8-367B-DF59-58E1C22A9D09}.Debug|Win32.ActiveCfg = Debug|Win32
		{D1135461-8FC8-367B-DF59-58E1C22A9D09}.Debug|Win32.Build.0 = Debug|Win32
		{D1135461-8FC8-367B-DF59-58E1C22A9D09}.Release|x64.ActiveCfg = Release|x64
		{D1135461-8FC8-367B-DF59-58E1C22A9D09}.Release|x64.Build.0 = Release|x64
		{D1135461-8FC8-367B-DF59-58E1C22A9D09}.Release|Win32.ActiveCfg = Release|Win32
		{D1135461-8FC8-367B-DF59-58E1C22A9D09}.Release|Win32.Build.0 = Release|Win32
		{D9D28D7B-CEB1-EAA7-644F-96EF2FC9EAD4}.Debug|x64.ActiveCfg = Debug|x64
		{D9D28D7B-CEB1-EAA7-644F-96EF2FC9EAD4}.Debug|x64.Build.0 = Debug|x64
		{D9D28D7B-CEB1-EAA7-644F-96EF2FC9EAD4}.Debug|Win32.ActiveCfg = Debug|Win32
		{D9D28D7B-CEB1-EAA7-644F-96EF2FC9EAD4}.Debug|Win32.Build.0 = Debug|Win32
		{D9D28D7B-CEB1-EAA7-644F-96EF2FC9EAD4}.Release|x64.ActiveCfg = Release|x64
		{D9D28D7B-CEB1-EAA7-644F-96EF2FC9EAD4}.Release|x64.Build.0 = Release|x64
		{D9D28D7B-CEB1-EAA7-644F-96EF2FC9EAD4}.Release|Win32.ActiveCfg = Release|Win32
		{D9D28D7B-CEB1-EAA7-644F-96EF2FC9EAD4}.Release|Win32.Build.0 = Release|Win32
		{E7A8BDA5-A7DB-3237-6F81-4C948B6C463A}.Debug|x64.ActiveCfg = Debug|x64
		{E7A8BDA5-A7DB-3237-6F81-4C948B6C463A}.Debug|x64.Build.0 = Debug|x64
		{E7A8BDA5-A7DB-3237-6F81-4C948B6C463A}.Debug|Win32.ActiveCfg = Debug|Win32
		{E7A8BDA5-A7DB-3237-6F81-4C948B6C463A}.Debug|Win32.Build.0 = Debug|Win32
		{E7A8BDA5-A7DB-3237-6F81-4C948B6C463A}.Release|x64.ActiveCfg = Release|x64
		{E7A8BDA5-A7DB-3237-6F81-4C948B6C463A}.Release|x64.Build.0 = Release|x64
		{E7A8BDA5-A7DB-3237-6F81-4C948B6C463A}.Release|Win32.ActiveCfg = Release|Win32
		{E7A8BDA5-A7DB-3237-6F81-4C948B6C463A}.Release|Win32.Build.0 = Release|Win32
		{F2ADAA33-D857-9BF2-7420-9311508EC4F2}.Debug|x64.ActiveCfg = Debug|x64
		{F2ADAA33-D857-9BF2-7420-9311508EC4F2}.Debug|x64.Build.0 = Debug|x64
		{F2ADAA33-D857-9BF2-7420-9311508EC4F2}.Debug|Win32.ActiveCfg = Debug|Win32
		{F2ADAA33-D857-9BF2-7420-9311508EC4F2}.Debug|Win32.Build.0 = Debug|Win32
		{F2ADAA33-D857-9BF2-7420-9311508EC4F2}.Release|x64.ActiveCfg = Release|x64
		{F2ADAA33-D857-9BF2-7420-9311508EC4F2}.Release|x64.Build.0 = Release|x64
		{F2ADAA33-D857-9BF2-7420-9311508EC4F2}.Release|Win32.ActiveCfg = Release|Win32
		{F2ADAA33-D857-9BF2-7420-9311508EC4F2}.Release|Win32.Build.0 = Release|Win32
	EndGlobalSection
	GlobalSection(SolutionProperties) = preSolution
		HideSolutionNode = FALSE
	EndGlobalSection
	GlobalSection(NestedProjects) = preSolution
		{C5C66628-98EC-C3FB-0168-B72E6D536D89} = {6478B9F3-4858-63F4-35F4-98A303E305F3}
		{6478B9F3-4858-63F4-35F4-98A303E305F3} = {9785FB75-982A-5DE3-252D-3F288B9FEF5B}
		{3E7FA5AF-27B3-2DE0-883C-12F98E7F4E81} = {9785FB75-982A-5DE3-252D-3F288B9FEF5B}
		{D9D28D7B-CEB1-EAA7-644F-96EF2FC9EAD4} = {9785FB75-982A-5DE3-252D-3F288B9FEF5B}
		{53376E43-19DB-A997-3C70-A95364375D05} = {9785FB75-982A-5DE3-252D-3F288B9FEF5B}
		{D1135461-8FC8-367B-DF59-58E1C22A9D09} = {B4157328-4D35-D14B-15FD-392EB0073098}
		{A52602C7-43FB-A1F3-54A9-C111CA5C1CFE} = {EAC80D00-01D2-3F49-A377-20B7154947F3}
		{4F198C18-2A46-454C-8482-E05B92D3C247} = {3E7FA5AF-27B3-2DE0-883C-12F98E7F4E81}
		{6569004D-CCF6-8392-DB7B-1AC825CE3607} = {89C816A7-DD31-D54C-C69C-5A80E0C49B77}
		{E7A8BDA5-A7DB-3237-6F81-4C948B6C463A} = {89C816A7-DD31-D54C-C69C-5A80E0C49B77}
		{B4157328-4D35-D14B-15FD-392EB0073098} = {6569004D-CCF6-8392-DB7B-1AC825CE3607}
		{A8A07E63-69C7-1615-57A8-C73517EC65F9} = {6569004D-CCF6-8392-DB7B-1AC825CE3607}
		{634D19FB-1405-6B04-56A5-39F0787B9703} = {6569004D-CCF6-8392-DB7B-1AC825CE3607}
		{F2ADAA33-D857-9BF2-7420-9311508EC4F2} = {6569004D-CCF6-8392-DB7B-1AC825CE3607}
	EndGlobalSection
EndGlobal
