Microsoft Visual Studio Solution File, Format Version 13.00
# Visual Studio 2013
Project("{8BC9CEB8-8B4A-11D0-8D11-00A0C91BC942}") = "minizip", "minizip.vcxproj", "{A8A07E63-69C7-1615-57A8-C73517EC65F9}"
EndProject
Project("{8BC9CEB8-8B4A-11D0-8D11-00A0C91BC942}") = "zlib", "zlib.vcxproj", "{634D19FB-1405-6B04-56A5-39F0787B9703}"
EndProject
Project("{8BC9CEB8-8B4A-11D0-8D11-00A0C91BC942}") = "zlib_x86_simd", "zlib_x86_simd.vcxproj", "{F2ADAA33-D857-9BF2-7420-9311508EC4F2}"
EndProject
Global
	GlobalSection(SolutionConfigurationPlatforms) = preSolution
		Debug|x64 = Debug|x64
		Debug|Win32 = Debug|Win32
		Release|x64 = Release|x64
		Release|Win32 = Release|Win32
	EndGlobalSection
	GlobalSection(ProjectConfigurationPlatforms) = postSolution
		{634D19FB-1405-6B04-56A5-39F0787B9703}.Debug|x64.ActiveCfg = Debug|x64
		{634D19FB-1405-6B04-56A5-39F0787B9703}.Debug|x64.Build.0 = Debug|x64
		{634D19FB-1405-6B04-56A5-39F0787B9703}.Debug|Win32.ActiveCfg = Debug|Win32
		{634D19FB-1405-6B04-56A5-39F0787B9703}.Debug|Win32.Build.0 = Debug|Win32
		{634D19FB-1405-6B04-56A5-39F0787B9703}.Release|x64.ActiveCfg = Release|x64
		{634D19FB-1405-6B04-56A5-39F0787B9703}.Release|x64.Build.0 = Release|x64
		{634D19FB-1405-6B04-56A5-39F0787B9703}.Release|Win32.ActiveCfg = Release|Win32
		{634D19FB-1405-6B04-56A5-39F0787B9703}.Release|Win32.Build.0 = Release|Win32
		{A8A07E63-69C7-1615-57A8-C73517EC65F9}.Debug|x64.ActiveCfg = Debug|x64
		{A8A07E63-69C7-1615-57A8-C73517EC65F9}.Debug|x64.Build.0 = Debug|x64
		{A8A07E63-69C7-1615-57A8-C73517EC65F9}.Debug|Win32.ActiveCfg = Debug|Win32
		{A8A07E63-69C7-1615-57A8-C73517EC65F9}.Debug|Win32.Build.0 = Debug|Win32
		{A8A07E63-69C7-1615-57A8-C73517EC65F9}.Release|x64.ActiveCfg = Release|x64
		{A8A07E63-69C7-1615-57A8-C73517EC65F9}.Release|x64.Build.0 = Release|x64
		{A8A07E63-69C7-1615-57A8-C73517EC65F9}.Release|Win32.ActiveCfg = Release|Win32
		{A8A07E63-69C7-1615-57A8-C73517EC65F9}.Release|Win32.Build.0 = Release|Win32
		{F2ADAA33-D857-9BF2-7420-9311508EC4F2}.Debug|x64.ActiveCfg = Debug|x64
		{F2ADAA33-D857-9BF2-7420-9311508EC4F2}.Debug|x64.Build.0 = Debug|x64
		{F2ADAA33-D857-9BF2-7420-9311508EC4F2}.Debug|Win32.ActiveCfg = Debug|Win32
		{F2ADAA33-D857-9BF2-7420-9311508EC4F2}.Debug|Win32.Build.0 = Debug|Win32
		{F2ADAA33-D857-9BF2-7420-9311508EC4F2}.Release|x64.ActiveCfg = Release|x64
		{F2ADAA33-D857-9BF2-7420-9311508EC4F2}.Release|x64.Build.0 = Release|x64
		{F2ADAA33-D857-9BF2-7420-9311508EC4F2}.Release|Win32.ActiveCfg = Release|Win32
		{F2ADAA33-D857-9BF2-7420-9311508EC4F2}.Release|Win32.Build.0 = Release|Win32
	EndGlobalSection
	GlobalSection(SolutionProperties) = preSolution
		HideSolutionNode = FALSE
	EndGlobalSection
EndGlobal
